
Microsoft Visual Studio Solution File, Format Version 12.00
# Visual Studio Version 17
VisualStudioVersion = 17.6.33815.320
MinimumVisualStudioVersion = 10.0.40219.1
Project("{FAE04EC0-301F-11D3-BF4B-00C04F79EFBC}") = "BANQUITO_SERVIDOR", "BANQUITO_SERVIDOR\BANQUITO_SERVIDOR.csproj", "{60A556DA-DEA9-4B2E-90A1-286BE0831286}"
EndProject
Global
	GlobalSection(SolutionConfigurationPlatforms) = preSolution
		Debug|Any CPU = Debug|Any CPU
		Release|Any CPU = Release|Any CPU
	EndGlobalSection
	GlobalSection(ProjectConfigurationPlatforms) = postSolution
		{60A556DA-DEA9-4B2E-90A1-286BE0831286}.Debug|Any CPU.ActiveCfg = Debug|Any CPU
		{60A556DA-DEA9-4B2E-90A1-286BE0831286}.Debug|Any CPU.Build.0 = Debug|Any CPU
		{60A556DA-DEA9-4B2E-90A1-286BE0831286}.Release|Any CPU.ActiveCfg = Release|Any CPU
		{60A556DA-DEA9-4B2E-90A1-286BE0831286}.Release|Any CPU.Build.0 = Release|Any CPU
	EndGlobalSection
	GlobalSection(SolutionProperties) = preSolution
		HideSolutionNode = FALSE
	EndGlobalSection
	GlobalSection(ExtensibilityGlobals) = postSolution
		SolutionGuid = {1E1AD312-6FB8-4017-A32B-31D409137303}
	EndGlobalSection
EndGlobal
